
Microsoft Visual Studio Solution File, Format Version 12.00
# Visual Studio Version 17
VisualStudioVersion = 17.11.35327.3
MinimumVisualStudioVersion = 10.0.40219.1
Project("{2150E333-8FDC-42A3-9474-1A3956D46DE8}") = "solutionitens", "solutionitens", "{64ADEEE8-D749-4957-8F14-E146EEE68158}"
	ProjectSection(SolutionItems) = preProject
		Dockerfile = Dockerfile
	EndProjectSection
EndProject
Project("{2150E333-8FDC-42A3-9474-1A3956D46DE8}") = "src", "src", "{2B9976CA-A058-4707-AE32-17829B4B694B}"
EndProject
Project("{2150E333-8FDC-42A3-9474-1A3956D46DE8}") = "tests", "tests", "{39DBB881-8033-40FA-86A3-47F7E35B078E}"
EndProject
Project("{2150E333-8FDC-42A3-9474-1A3956D46DE8}") = "Backend", "Backend", "{999C1F29-18D9-4305-9917-C150F3FE9893}"
EndProject
Project("{9A19103F-16F7-4668-BE54-9A1E7A4F7556}") = "Tech.Challenge.Persistence.Api", "Tech.Challenge.Persistence.Api\Tech.Challenge.Persistence.Api.csproj", "{58973D92-7265-437D-A182-078D920D1D39}"
EndProject
Project("{9A19103F-16F7-4668-BE54-9A1E7A4F7556}") = "Tech.Challenge.Persistence.Infrasctructure", "Tech.Challenge.Persistence.Infrasctructure\Tech.Challenge.Persistence.Infrasctructure.csproj", "{4A45BF47-9AA0-4543-B759-9750917FD0D4}"
EndProject
Project("{9A19103F-16F7-4668-BE54-9A1E7A4F7556}") = "Tech.Challenge.Persistence.Domain", "Tech.Challenge.Persistence.Domain\Tech.Challenge.Persistence.Domain.csproj", "{41889971-44BF-4C1F-9864-DA6D3659AECC}"
EndProject
Project("{2150E333-8FDC-42A3-9474-1A3956D46DE8}") = "Shared", "Shared", "{669E45A5-A795-43F1-B9EA-E755C618FA35}"
EndProject
Project("{9A19103F-16F7-4668-BE54-9A1E7A4F7556}") = "Tech.Challenge.Persistence.Exceptions", "Tech.Challenge.Persistence.Exceptions\Tech.Challenge.Persistence.Exceptions.csproj", "{8A91DDF2-7BE0-4C6B-AE12-4CA5495DC1A3}"
EndProject
Project("{9A19103F-16F7-4668-BE54-9A1E7A4F7556}") = "Tech.Challenge.Persistentece.Tests", "Tech.Challenge.Persistentece.Tests\Tech.Challenge.Persistentece.Tests.csproj", "{824C6DD0-7445-4BE7-9CD3-94AFBC076E41}"
EndProject
Project("{9A19103F-16F7-4668-BE54-9A1E7A4F7556}") = "Tech.Challenge.Persistence.Integration.Tests", "Tech.Challenge.Persistence.Integration.Tests\Tech.Challenge.Persistence.Integration.Tests.csproj", "{90872F17-7078-4309-935A-A8F0F3DC727B}"
EndProject
Global
	GlobalSection(SolutionConfigurationPlatforms) = preSolution
		Debug|Any CPU = Debug|Any CPU
		Release|Any CPU = Release|Any CPU
	EndGlobalSection
	GlobalSection(ProjectConfigurationPlatforms) = postSolution
		{58973D92-7265-437D-A182-078D920D1D39}.Debug|Any CPU.ActiveCfg = Debug|Any CPU
		{58973D92-7265-437D-A182-078D920D1D39}.Debug|Any CPU.Build.0 = Debug|Any CPU
		{58973D92-7265-437D-A182-078D920D1D39}.Release|Any CPU.ActiveCfg = Release|Any CPU
		{58973D92-7265-437D-A182-078D920D1D39}.Release|Any CPU.Build.0 = Release|Any CPU
		{4A45BF47-9AA0-4543-B759-9750917FD0D4}.Debug|Any CPU.ActiveCfg = Debug|Any CPU
		{4A45BF47-9AA0-4543-B759-9750917FD0D4}.Debug|Any CPU.Build.0 = Debug|Any CPU
		{4A45BF47-9AA0-4543-B759-9750917FD0D4}.Release|Any CPU.ActiveCfg = Release|Any CPU
		{4A45BF47-9AA0-4543-B759-9750917FD0D4}.Release|Any CPU.Build.0 = Release|Any CPU
		{41889971-44BF-4C1F-9864-DA6D3659AECC}.Debug|Any CPU.ActiveCfg = Debug|Any CPU
		{41889971-44BF-4C1F-9864-DA6D3659AECC}.Debug|Any CPU.Build.0 = Debug|Any CPU
		{41889971-44BF-4C1F-9864-DA6D3659AECC}.Release|Any CPU.ActiveCfg = Release|Any CPU
		{41889971-44BF-4C1F-9864-DA6D3659AECC}.Release|Any CPU.Build.0 = Release|Any CPU
		{8A91DDF2-7BE0-4C6B-AE12-4CA5495DC1A3}.Debug|Any CPU.ActiveCfg = Debug|Any CPU
		{8A91DDF2-7BE0-4C6B-AE12-4CA5495DC1A3}.Debug|Any CPU.Build.0 = Debug|Any CPU
		{8A91DDF2-7BE0-4C6B-AE12-4CA5495DC1A3}.Release|Any CPU.ActiveCfg = Release|Any CPU
		{8A91DDF2-7BE0-4C6B-AE12-4CA5495DC1A3}.Release|Any CPU.Build.0 = Release|Any CPU
		{824C6DD0-7445-4BE7-9CD3-94AFBC076E41}.Debug|Any CPU.ActiveCfg = Debug|Any CPU
		{824C6DD0-7445-4BE7-9CD3-94AFBC076E41}.Debug|Any CPU.Build.0 = Debug|Any CPU
		{824C6DD0-7445-4BE7-9CD3-94AFBC076E41}.Release|Any CPU.ActiveCfg = Release|Any CPU
		{824C6DD0-7445-4BE7-9CD3-94AFBC076E41}.Release|Any CPU.Build.0 = Release|Any CPU
		{90872F17-7078-4309-935A-A8F0F3DC727B}.Debug|Any CPU.ActiveCfg = Debug|Any CPU
		{90872F17-7078-4309-935A-A8F0F3DC727B}.Debug|Any CPU.Build.0 = Debug|Any CPU
		{90872F17-7078-4309-935A-A8F0F3DC727B}.Release|Any CPU.ActiveCfg = Release|Any CPU
		{90872F17-7078-4309-935A-A8F0F3DC727B}.Release|Any CPU.Build.0 = Release|Any CPU
	EndGlobalSection
	GlobalSection(SolutionProperties) = preSolution
		HideSolutionNode = FALSE
	EndGlobalSection
	GlobalSection(NestedProjects) = preSolution
		{999C1F29-18D9-4305-9917-C150F3FE9893} = {2B9976CA-A058-4707-AE32-17829B4B694B}
		{58973D92-7265-437D-A182-078D920D1D39} = {999C1F29-18D9-4305-9917-C150F3FE9893}
		{4A45BF47-9AA0-4543-B759-9750917FD0D4} = {999C1F29-18D9-4305-9917-C150F3FE9893}
		{41889971-44BF-4C1F-9864-DA6D3659AECC} = {999C1F29-18D9-4305-9917-C150F3FE9893}
		{669E45A5-A795-43F1-B9EA-E755C618FA35} = {2B9976CA-A058-4707-AE32-17829B4B694B}
		{8A91DDF2-7BE0-4C6B-AE12-4CA5495DC1A3} = {669E45A5-A795-43F1-B9EA-E755C618FA35}
		{824C6DD0-7445-4BE7-9CD3-94AFBC076E41} = {39DBB881-8033-40FA-86A3-47F7E35B078E}
		{90872F17-7078-4309-935A-A8F0F3DC727B} = {39DBB881-8033-40FA-86A3-47F7E35B078E}
	EndGlobalSection
	GlobalSection(ExtensibilityGlobals) = postSolution
		SolutionGuid = {F1ECB282-31E1-4160-A852-1459B815E5B7}
	EndGlobalSection
EndGlobal
