
Microsoft Visual Studio Solution File, Format Version 12.00
# Visual Studio Version 17
VisualStudioVersion = 17.11.35327.3
MinimumVisualStudioVersion = 10.0.40219.1
Project("{2150E333-8FDC-42A3-9474-1A3956D46DE8}") = "solutionitens", "solutionitens", "{705AE665-F684-40A3-8774-368506255850}"
	ProjectSection(SolutionItems) = preProject
		Dockerfile = Dockerfile
	EndProjectSection
EndProject
Project("{2150E333-8FDC-42A3-9474-1A3956D46DE8}") = "src", "src", "{947C6C4A-8C75-4369-8E2C-99CD454AD146}"
EndProject
Project("{2150E333-8FDC-42A3-9474-1A3956D46DE8}") = "tests", "tests", "{7E6F576F-20B9-494E-B468-74D1EA00A39D}"
EndProject
Project("{2150E333-8FDC-42A3-9474-1A3956D46DE8}") = "Backend", "Backend", "{889AC24D-AF5E-49CB-BE5A-FB98D5B82A92}"
EndProject
Project("{2150E333-8FDC-42A3-9474-1A3956D46DE8}") = "Shared", "Shared", "{E58CB41F-F0CE-4275-8BFB-1F1261E710A6}"
EndProject
Project("{9A19103F-16F7-4668-BE54-9A1E7A4F7556}") = "Region.Persistence.Api", "Region.Persistence.Api\Region.Persistence.Api.csproj", "{4D8742AB-8D3D-408D-9932-1AB56A3CDBD8}"
EndProject
Project("{9A19103F-16F7-4668-BE54-9A1E7A4F7556}") = "Region.Persistence.Domain", "Region.Persistence.Domain\Region.Persistence.Domain.csproj", "{3D987539-BDD0-406F-B379-78986AEA907A}"
EndProject
Project("{9A19103F-16F7-4668-BE54-9A1E7A4F7556}") = "Region.Persistence.Infrastructure", "Region.Persistence.Infrastructure\Region.Persistence.Infrastructure.csproj", "{3F7BCAE6-5107-46D6-BBC9-4B21CBE6F6A7}"
EndProject
Project("{9A19103F-16F7-4668-BE54-9A1E7A4F7556}") = "Region.Persistence.Communication", "Region.Persistence.Communication\Region.Persistence.Communication.csproj", "{88CCCC91-1D03-4885-9316-4A96195E9604}"
EndProject
Project("{9A19103F-16F7-4668-BE54-9A1E7A4F7556}") = "Region.Persistence.Exceptions", "Region.Persistence.Exceptions\Region.Persistence.Exceptions.csproj", "{9939A1D8-C842-4D2C-8BAD-3B245FC99953}"
EndProject
Project("{9A19103F-16F7-4668-BE54-9A1E7A4F7556}") = "Region.Persistence.Application", "Region.Persistence.Application\Region.Persistence.Application.csproj", "{2763D5CF-BFB7-49DD-A233-A061DE8D31BA}"
EndProject
Project("{9A19103F-16F7-4668-BE54-9A1E7A4F7556}") = "Region.Persistence.Tests", "Region.Persistence.Tests\Region.Persistence.Tests.csproj", "{8E47232E-387F-4B0F-87D9-3308117153C9}"
EndProject
Project("{9A19103F-16F7-4668-BE54-9A1E7A4F7556}") = "Region.Persistence.Integration.Tests", "Region.Persistence.Integration.Tests\Region.Persistence.Integration.Tests.csproj", "{7D53E246-C06A-4E82-A68E-08C18233EFDB}"
EndProject
Global
	GlobalSection(SolutionConfigurationPlatforms) = preSolution
		Debug|Any CPU = Debug|Any CPU
		Release|Any CPU = Release|Any CPU
	EndGlobalSection
	GlobalSection(ProjectConfigurationPlatforms) = postSolution
		{4D8742AB-8D3D-408D-9932-1AB56A3CDBD8}.Debug|Any CPU.ActiveCfg = Debug|Any CPU
		{4D8742AB-8D3D-408D-9932-1AB56A3CDBD8}.Debug|Any CPU.Build.0 = Debug|Any CPU
		{4D8742AB-8D3D-408D-9932-1AB56A3CDBD8}.Release|Any CPU.ActiveCfg = Release|Any CPU
		{4D8742AB-8D3D-408D-9932-1AB56A3CDBD8}.Release|Any CPU.Build.0 = Release|Any CPU
		{3D987539-BDD0-406F-B379-78986AEA907A}.Debug|Any CPU.ActiveCfg = Debug|Any CPU
		{3D987539-BDD0-406F-B379-78986AEA907A}.Debug|Any CPU.Build.0 = Debug|Any CPU
		{3D987539-BDD0-406F-B379-78986AEA907A}.Release|Any CPU.ActiveCfg = Release|Any CPU
		{3D987539-BDD0-406F-B379-78986AEA907A}.Release|Any CPU.Build.0 = Release|Any CPU
		{3F7BCAE6-5107-46D6-BBC9-4B21CBE6F6A7}.Debug|Any CPU.ActiveCfg = Debug|Any CPU
		{3F7BCAE6-5107-46D6-BBC9-4B21CBE6F6A7}.Debug|Any CPU.Build.0 = Debug|Any CPU
		{3F7BCAE6-5107-46D6-BBC9-4B21CBE6F6A7}.Release|Any CPU.ActiveCfg = Release|Any CPU
		{3F7BCAE6-5107-46D6-BBC9-4B21CBE6F6A7}.Release|Any CPU.Build.0 = Release|Any CPU
		{88CCCC91-1D03-4885-9316-4A96195E9604}.Debug|Any CPU.ActiveCfg = Debug|Any CPU
		{88CCCC91-1D03-4885-9316-4A96195E9604}.Debug|Any CPU.Build.0 = Debug|Any CPU
		{88CCCC91-1D03-4885-9316-4A96195E9604}.Release|Any CPU.ActiveCfg = Release|Any CPU
		{88CCCC91-1D03-4885-9316-4A96195E9604}.Release|Any CPU.Build.0 = Release|Any CPU
		{9939A1D8-C842-4D2C-8BAD-3B245FC99953}.Debug|Any CPU.ActiveCfg = Debug|Any CPU
		{9939A1D8-C842-4D2C-8BAD-3B245FC99953}.Debug|Any CPU.Build.0 = Debug|Any CPU
		{9939A1D8-C842-4D2C-8BAD-3B245FC99953}.Release|Any CPU.ActiveCfg = Release|Any CPU
		{9939A1D8-C842-4D2C-8BAD-3B245FC99953}.Release|Any CPU.Build.0 = Release|Any CPU
		{2763D5CF-BFB7-49DD-A233-A061DE8D31BA}.Debug|Any CPU.ActiveCfg = Debug|Any CPU
		{2763D5CF-BFB7-49DD-A233-A061DE8D31BA}.Debug|Any CPU.Build.0 = Debug|Any CPU
		{2763D5CF-BFB7-49DD-A233-A061DE8D31BA}.Release|Any CPU.ActiveCfg = Release|Any CPU
		{2763D5CF-BFB7-49DD-A233-A061DE8D31BA}.Release|Any CPU.Build.0 = Release|Any CPU
		{8E47232E-387F-4B0F-87D9-3308117153C9}.Debug|Any CPU.ActiveCfg = Debug|Any CPU
		{8E47232E-387F-4B0F-87D9-3308117153C9}.Debug|Any CPU.Build.0 = Debug|Any CPU
		{8E47232E-387F-4B0F-87D9-3308117153C9}.Release|Any CPU.ActiveCfg = Release|Any CPU
		{8E47232E-387F-4B0F-87D9-3308117153C9}.Release|Any CPU.Build.0 = Release|Any CPU
		{7D53E246-C06A-4E82-A68E-08C18233EFDB}.Debug|Any CPU.ActiveCfg = Debug|Any CPU
		{7D53E246-C06A-4E82-A68E-08C18233EFDB}.Debug|Any CPU.Build.0 = Debug|Any CPU
		{7D53E246-C06A-4E82-A68E-08C18233EFDB}.Release|Any CPU.ActiveCfg = Release|Any CPU
		{7D53E246-C06A-4E82-A68E-08C18233EFDB}.Release|Any CPU.Build.0 = Release|Any CPU
	EndGlobalSection
	GlobalSection(SolutionProperties) = preSolution
		HideSolutionNode = FALSE
	EndGlobalSection
	GlobalSection(NestedProjects) = preSolution
		{889AC24D-AF5E-49CB-BE5A-FB98D5B82A92} = {947C6C4A-8C75-4369-8E2C-99CD454AD146}
		{E58CB41F-F0CE-4275-8BFB-1F1261E710A6} = {947C6C4A-8C75-4369-8E2C-99CD454AD146}
		{4D8742AB-8D3D-408D-9932-1AB56A3CDBD8} = {889AC24D-AF5E-49CB-BE5A-FB98D5B82A92}
		{3D987539-BDD0-406F-B379-78986AEA907A} = {889AC24D-AF5E-49CB-BE5A-FB98D5B82A92}
		{3F7BCAE6-5107-46D6-BBC9-4B21CBE6F6A7} = {889AC24D-AF5E-49CB-BE5A-FB98D5B82A92}
		{88CCCC91-1D03-4885-9316-4A96195E9604} = {E58CB41F-F0CE-4275-8BFB-1F1261E710A6}
		{9939A1D8-C842-4D2C-8BAD-3B245FC99953} = {E58CB41F-F0CE-4275-8BFB-1F1261E710A6}
		{2763D5CF-BFB7-49DD-A233-A061DE8D31BA} = {889AC24D-AF5E-49CB-BE5A-FB98D5B82A92}
		{8E47232E-387F-4B0F-87D9-3308117153C9} = {7E6F576F-20B9-494E-B468-74D1EA00A39D}
		{7D53E246-C06A-4E82-A68E-08C18233EFDB} = {7E6F576F-20B9-494E-B468-74D1EA00A39D}
	EndGlobalSection
	GlobalSection(ExtensibilityGlobals) = postSolution
		SolutionGuid = {0300182B-9CD8-4B76-AFF8-29ECBCB3D660}
	EndGlobalSection
EndGlobal
