
Microsoft Visual Studio Solution File, Format Version 12.00
# Visual Studio Version 17
VisualStudioVersion = 17.11.35327.3
MinimumVisualStudioVersion = 10.0.40219.1
Project("{2150E333-8FDC-42A3-9474-1A3956D46DE8}") = "src", "src", "{2FC36AA6-563A-4477-BB2F-9FDF08203540}"
EndProject
Project("{2150E333-8FDC-42A3-9474-1A3956D46DE8}") = "tests", "tests", "{B318DF2C-028F-4857-9C40-084AF6CEC8CD}"
EndProject
Project("{2150E333-8FDC-42A3-9474-1A3956D46DE8}") = "solutionitens", "solutionitens", "{CB0D9699-0776-46BE-9ACE-3F1F5129D751}"
	ProjectSection(SolutionItems) = preProject
		Dockerfile = Dockerfile
	EndProjectSection
EndProject
Project("{9A19103F-16F7-4668-BE54-9A1E7A4F7556}") = "User.Persistence.Api", "User.Persistence.Api\User.Persistence.Api.csproj", "{4CA6DA0D-1124-4351-B86E-491CBAEE2CB4}"
EndProject
Project("{2150E333-8FDC-42A3-9474-1A3956D46DE8}") = "Backend", "Backend", "{7C6985B9-EB1B-435A-BB08-B0B5B0A1E754}"
EndProject
Project("{2150E333-8FDC-42A3-9474-1A3956D46DE8}") = "Shared", "Shared", "{C73FB0A4-6B77-4E8C-9390-B27994975200}"
EndProject
Project("{9A19103F-16F7-4668-BE54-9A1E7A4F7556}") = "User.Persistence.Communication", "User.Persistence.Communication\User.Persistence.Communication.csproj", "{D0BA2398-0D4E-4715-857D-7A9A7D2EBF81}"
EndProject
Project("{9A19103F-16F7-4668-BE54-9A1E7A4F7556}") = "User.Persistence.Application", "User.Persistence.Application\User.Persistence.Application.csproj", "{9B99F05D-B51B-40AF-86C0-4D4CBE4AD5A8}"
EndProject
Project("{9A19103F-16F7-4668-BE54-9A1E7A4F7556}") = "User.Persistence.Exceptions", "User.Persistence.Exceptions\User.Persistence.Exceptions.csproj", "{CE2AC8B9-AA84-4CF2-A2A1-088B36717CB6}"
EndProject
Project("{9A19103F-16F7-4668-BE54-9A1E7A4F7556}") = "User.Persistence.Domain", "User.Persistence.Domain\User.Persistence.Domain.csproj", "{9D9D654F-DE95-4EF0-894A-246EFE655C52}"
EndProject
Project("{9A19103F-16F7-4668-BE54-9A1E7A4F7556}") = "User.Persistence.Infrastructure", "User.Persistence.Infrastructure\User.Persistence.Infrastructure.csproj", "{B456E46B-0177-443E-885D-A3715B4495E1}"
EndProject
Project("{9A19103F-16F7-4668-BE54-9A1E7A4F7556}") = "User.Persistence.Tests", "User.Persistence.Tests\User.Persistence.Tests.csproj", "{441703D9-359D-4AC8-B8AC-5A916945C66B}"
EndProject
Project("{9A19103F-16F7-4668-BE54-9A1E7A4F7556}") = "User.Persistence.Integration.Tests", "User.Persistence.Integration.Tests\User.Persistence.Integration.Tests.csproj", "{D45C7195-5559-468C-A6A3-A5F918D21D17}"
EndProject
Global
	GlobalSection(SolutionConfigurationPlatforms) = preSolution
		Debug|Any CPU = Debug|Any CPU
		Release|Any CPU = Release|Any CPU
	EndGlobalSection
	GlobalSection(ProjectConfigurationPlatforms) = postSolution
		{4CA6DA0D-1124-4351-B86E-491CBAEE2CB4}.Debug|Any CPU.ActiveCfg = Debug|Any CPU
		{4CA6DA0D-1124-4351-B86E-491CBAEE2CB4}.Debug|Any CPU.Build.0 = Debug|Any CPU
		{4CA6DA0D-1124-4351-B86E-491CBAEE2CB4}.Release|Any CPU.ActiveCfg = Release|Any CPU
		{4CA6DA0D-1124-4351-B86E-491CBAEE2CB4}.Release|Any CPU.Build.0 = Release|Any CPU
		{D0BA2398-0D4E-4715-857D-7A9A7D2EBF81}.Debug|Any CPU.ActiveCfg = Debug|Any CPU
		{D0BA2398-0D4E-4715-857D-7A9A7D2EBF81}.Debug|Any CPU.Build.0 = Debug|Any CPU
		{D0BA2398-0D4E-4715-857D-7A9A7D2EBF81}.Release|Any CPU.ActiveCfg = Release|Any CPU
		{D0BA2398-0D4E-4715-857D-7A9A7D2EBF81}.Release|Any CPU.Build.0 = Release|Any CPU
		{9B99F05D-B51B-40AF-86C0-4D4CBE4AD5A8}.Debug|Any CPU.ActiveCfg = Debug|Any CPU
		{9B99F05D-B51B-40AF-86C0-4D4CBE4AD5A8}.Debug|Any CPU.Build.0 = Debug|Any CPU
		{9B99F05D-B51B-40AF-86C0-4D4CBE4AD5A8}.Release|Any CPU.ActiveCfg = Release|Any CPU
		{9B99F05D-B51B-40AF-86C0-4D4CBE4AD5A8}.Release|Any CPU.Build.0 = Release|Any CPU
		{CE2AC8B9-AA84-4CF2-A2A1-088B36717CB6}.Debug|Any CPU.ActiveCfg = Debug|Any CPU
		{CE2AC8B9-AA84-4CF2-A2A1-088B36717CB6}.Debug|Any CPU.Build.0 = Debug|Any CPU
		{CE2AC8B9-AA84-4CF2-A2A1-088B36717CB6}.Release|Any CPU.ActiveCfg = Release|Any CPU
		{CE2AC8B9-AA84-4CF2-A2A1-088B36717CB6}.Release|Any CPU.Build.0 = Release|Any CPU
		{9D9D654F-DE95-4EF0-894A-246EFE655C52}.Debug|Any CPU.ActiveCfg = Debug|Any CPU
		{9D9D654F-DE95-4EF0-894A-246EFE655C52}.Debug|Any CPU.Build.0 = Debug|Any CPU
		{9D9D654F-DE95-4EF0-894A-246EFE655C52}.Release|Any CPU.ActiveCfg = Release|Any CPU
		{9D9D654F-DE95-4EF0-894A-246EFE655C52}.Release|Any CPU.Build.0 = Release|Any CPU
		{B456E46B-0177-443E-885D-A3715B4495E1}.Debug|Any CPU.ActiveCfg = Debug|Any CPU
		{B456E46B-0177-443E-885D-A3715B4495E1}.Debug|Any CPU.Build.0 = Debug|Any CPU
		{B456E46B-0177-443E-885D-A3715B4495E1}.Release|Any CPU.ActiveCfg = Release|Any CPU
		{B456E46B-0177-443E-885D-A3715B4495E1}.Release|Any CPU.Build.0 = Release|Any CPU
		{441703D9-359D-4AC8-B8AC-5A916945C66B}.Debug|Any CPU.ActiveCfg = Debug|Any CPU
		{441703D9-359D-4AC8-B8AC-5A916945C66B}.Debug|Any CPU.Build.0 = Debug|Any CPU
		{441703D9-359D-4AC8-B8AC-5A916945C66B}.Release|Any CPU.ActiveCfg = Release|Any CPU
		{441703D9-359D-4AC8-B8AC-5A916945C66B}.Release|Any CPU.Build.0 = Release|Any CPU
		{D45C7195-5559-468C-A6A3-A5F918D21D17}.Debug|Any CPU.ActiveCfg = Debug|Any CPU
		{D45C7195-5559-468C-A6A3-A5F918D21D17}.Debug|Any CPU.Build.0 = Debug|Any CPU
		{D45C7195-5559-468C-A6A3-A5F918D21D17}.Release|Any CPU.ActiveCfg = Release|Any CPU
		{D45C7195-5559-468C-A6A3-A5F918D21D17}.Release|Any CPU.Build.0 = Release|Any CPU
	EndGlobalSection
	GlobalSection(SolutionProperties) = preSolution
		HideSolutionNode = FALSE
	EndGlobalSection
	GlobalSection(NestedProjects) = preSolution
		{4CA6DA0D-1124-4351-B86E-491CBAEE2CB4} = {7C6985B9-EB1B-435A-BB08-B0B5B0A1E754}
		{7C6985B9-EB1B-435A-BB08-B0B5B0A1E754} = {2FC36AA6-563A-4477-BB2F-9FDF08203540}
		{C73FB0A4-6B77-4E8C-9390-B27994975200} = {2FC36AA6-563A-4477-BB2F-9FDF08203540}
		{D0BA2398-0D4E-4715-857D-7A9A7D2EBF81} = {C73FB0A4-6B77-4E8C-9390-B27994975200}
		{9B99F05D-B51B-40AF-86C0-4D4CBE4AD5A8} = {7C6985B9-EB1B-435A-BB08-B0B5B0A1E754}
		{CE2AC8B9-AA84-4CF2-A2A1-088B36717CB6} = {C73FB0A4-6B77-4E8C-9390-B27994975200}
		{9D9D654F-DE95-4EF0-894A-246EFE655C52} = {7C6985B9-EB1B-435A-BB08-B0B5B0A1E754}
		{B456E46B-0177-443E-885D-A3715B4495E1} = {7C6985B9-EB1B-435A-BB08-B0B5B0A1E754}
		{441703D9-359D-4AC8-B8AC-5A916945C66B} = {B318DF2C-028F-4857-9C40-084AF6CEC8CD}
		{D45C7195-5559-468C-A6A3-A5F918D21D17} = {B318DF2C-028F-4857-9C40-084AF6CEC8CD}
	EndGlobalSection
	GlobalSection(ExtensibilityGlobals) = postSolution
		SolutionGuid = {E1867DB5-483D-41E8-A848-F3686B2E7C16}
	EndGlobalSection
EndGlobal
